# THIS IS AN AUTOGENERATED FILE. DO NOT EDIT THIS FILE DIRECTLY.
# yarn lockfile v1


cannon@^0.6.2:
  version "0.6.2"
  resolved "https://registry.yarnpkg.com/cannon/-/cannon-0.6.2.tgz#1e7bc72dd5841982f3c104c2bc578bfa4fb1c572"

injectinto@^1.6.0:
  version "1.6.0"
  resolved "https://registry.yarnpkg.com/injectinto/-/injectinto-1.6.0.tgz#2f56675a13069a28f6b7c5f83991e8ab4b6c8515"

three@^0.98.0:
  version "0.98.0"
  resolved "https://registry.yarnpkg.com/three/-/three-0.98.0.tgz#11d4e3cca4b5d099c7de0ea5afa153b5d20cda84"
