# THIS IS AN AUTOGENERATED FILE. DO NOT EDIT THIS FILE DIRECTLY.
# yarn lockfile v1


cannon@^0.6.2:
  version "0.6.2"
  resolved "https://registry.yarnpkg.com/cannon/-/cannon-0.6.2.tgz#1e7bc72dd5841982f3c104c2bc578bfa4fb1c572"

injectinto@^1.6.0:
  version "1.6.0"
  resolved "https://registry.yarnpkg.com/injectinto/-/injectinto-1.6.0.tgz#2f56675a13069a28f6b7c5f83991e8ab4b6c8515"

seen@^0.2.7:
  version "0.2.7"
  resolved "https://registry.yarnpkg.com/seen/-/seen-0.2.7.tgz#725c1e5174375fb86297141e5eaa6046c76224ef"
